// !$*UTF8*$!
{
	archiveVersion = 1;
	classes = {
	};
	objectVersion = 46;
	objects = {

/* Begin PBXBuildFile section */
		2FDF61CB1DF2C4A400DB5042 /* AppDelegate.swift in Sources */ = {isa = PBXBuildFile; fileRef = 2FDF61CA1DF2C4A400DB5042 /* AppDelegate.swift */; };
		2FDF61CD1DF2C4A400DB5042 /* Assets.xcassets in Resources */ = {isa = PBXBuildFile; fileRef = 2FDF61CC1DF2C4A400DB5042 /* Assets.xcassets */; };
		2FDF61D01DF2C4A400DB5042 /* MainMenu.xib in Resources */ = {isa = PBXBuildFile; fileRef = 2FDF61CE1DF2C4A400DB5042 /* MainMenu.xib */; };
		2FDF61DA1DF2C6A700DB5042 /* MainViewController.swift in Sources */ = {isa = PBXBuildFile; fileRef = 2FDF61D81DF2C6A700DB5042 /* MainViewController.swift */; };
		2FDF61DB1DF2C6A700DB5042 /* MainViewController.xib in Resources */ = {isa = PBXBuildFile; fileRef = 2FDF61D91DF2C6A700DB5042 /* MainViewController.xib */; };
/* End PBXBuildFile section */

/* Begin PBXFileReference section */
		2FDF61C71DF2C4A400DB5042 /* BusyApp.app */ = {isa = PBXFileReference; explicitFileType = wrapper.application; includeInIndex = 0; path = BusyApp.app; sourceTree = BUILT_PRODUCTS_DIR; };
		2FDF61CA1DF2C4A400DB5042 /* AppDelegate.swift */ = {isa = PBXFileReference; lastKnownFileType = sourcecode.swift; path = AppDelegate.swift; sourceTree = "<group>"; };
		2FDF61CC1DF2C4A400DB5042 /* Assets.xcassets */ = {isa = PBXFileReference; lastKnownFileType = folder.assetcatalog; path = Assets.xcassets; sourceTree = "<group>"; };
		2FDF61CF1DF2C4A400DB5042 /* Base */ = {isa = PBXFileReference; lastKnownFileType = file.xib; name = Base; path = Base.lproj/MainMenu.xib; sourceTree = "<group>"; };
		2FDF61D11DF2C4A400DB5042 /* Info.plist */ = {isa = PBXFileReference; lastKnownFileType = text.plist.xml; path = Info.plist; sourceTree = "<group>"; };
		2FDF61D81DF2C6A700DB5042 /* MainViewController.swift */ = {isa = PBXFileReference; fileEncoding = 4; lastKnownFileType = sourcecode.swift; name = MainViewController.swift; path = ViewController/MainViewController.swift; sourceTree = "<group>"; };
		2FDF61D91DF2C6A700DB5042 /* MainViewController.xib */ = {isa = PBXFileReference; fileEncoding = 4; lastKnownFileType = file.xib; name = MainViewController.xib; path = ViewController/MainViewController.xib; sourceTree = "<group>"; };
/* End PBXFileReference section */

/* Begin PBXFrameworksBuildPhase section */
		2FDF61C41DF2C4A400DB5042 /* Frameworks */ = {
			isa = PBXFrameworksBuildPhase;
			buildActionMask = 2147483647;
			files = (
			);
			runOnlyForDeploymentPostprocessing = 0;
		};
/* End PBXFrameworksBuildPhase section */

/* Begin PBXGroup section */
		2FDF61BE1DF2C4A400DB5042 = {
			isa = PBXGroup;
			children = (
				2FDF61C91DF2C4A400DB5042 /* BusyApp */,
				2FDF61C81DF2C4A400DB5042 /* Products */,
			);
			sourceTree = "<group>";
		};
		2FDF61C81DF2C4A400DB5042 /* Products */ = {
			isa = PBXGroup;
			children = (
				2FDF61C71DF2C4A400DB5042 /* BusyApp.app */,
			);
			name = Products;
			sourceTree = "<group>";
		};
		2FDF61C91DF2C4A400DB5042 /* BusyApp */ = {
			isa = PBXGroup;
			children = (
				2FDF61D71DF2C68B00DB5042 /* ViewController */,
				2FDF61CA1DF2C4A400DB5042 /* AppDelegate.swift */,
				2FDF61CC1DF2C4A400DB5042 /* Assets.xcassets */,
				2FDF61CE1DF2C4A400DB5042 /* MainMenu.xib */,
				2FDF61D11DF2C4A400DB5042 /* Info.plist */,
			);
			path = BusyApp;
			sourceTree = "<group>";
		};
		2FDF61D71DF2C68B00DB5042 /* ViewController */ = {
			isa = PBXGroup;
			children = (
				2FDF61D81DF2C6A700DB5042 /* MainViewController.swift */,
				2FDF61D91DF2C6A700DB5042 /* MainViewController.xib */,
			);
			name = ViewController;
			sourceTree = "<group>";
		};
/* End PBXGroup section */

/* Begin PBXNativeTarget section */
		2FDF61C61DF2C4A400DB5042 /* BusyApp */ = {
			isa = PBXNativeTarget;
			buildConfigurationList = 2FDF61D41DF2C4A400DB5042 /* Build configuration list for PBXNativeTarget "BusyApp" */;
			buildPhases = (
				2FDF61C31DF2C4A400DB5042 /* Sources */,
				2FDF61C41DF2C4A400DB5042 /* Frameworks */,
				2FDF61C51DF2C4A400DB5042 /* Resources */,
			);
			buildRules = (
			);
			dependencies = (
			);
			name = BusyApp;
			productName = BusyApp;
			productReference = 2FDF61C71DF2C4A400DB5042 /* BusyApp.app */;
			productType = "com.apple.product-type.application";
		};
/* End PBXNativeTarget section */

/* Begin PBXProject section */
		2FDF61BF1DF2C4A400DB5042 /* Project object */ = {
			isa = PBXProject;
			attributes = {
				LastSwiftUpdateCheck = 0810;
				LastUpgradeCheck = 0810;
				ORGANIZATIONNAME = Yanice;
				TargetAttributes = {
					2FDF61C61DF2C4A400DB5042 = {
						CreatedOnToolsVersion = 8.1;
						ProvisioningStyle = Automatic;
					};
				};
			};
			buildConfigurationList = 2FDF61C21DF2C4A400DB5042 /* Build configuration list for PBXProject "BusyApp" */;
			compatibilityVersion = "Xcode 3.2";
			developmentRegion = English;
			hasScannedForEncodings = 0;
			knownRegions = (
				en,
				Base,
			);
			mainGroup = 2FDF61BE1DF2C4A400DB5042;
			productRefGroup = 2FDF61C81DF2C4A400DB5042 /* Products */;
			projectDirPath = "";
			projectRoot = "";
			targets = (
				2FDF61C61DF2C4A400DB5042 /* BusyApp */,
			);
		};
/* End PBXProject section */

/* Begin PBXResourcesBuildPhase section */
		2FDF61C51DF2C4A400DB5042 /* Resources */ = {
			isa = PBXResourcesBuildPhase;
			buildActionMask = 2147483647;
			files = (
				2FDF61CD1DF2C4A400DB5042 /* Assets.xcassets in Resources */,
				2FDF61DB1DF2C6A700DB5042 /* MainViewController.xib in Resources */,
				2FDF61D01DF2C4A400DB5042 /* MainMenu.xib in Resources */,
			);
			runOnlyForDeploymentPostprocessing = 0;
		};
/* End PBXResourcesBuildPhase section */

/* Begin PBXSourcesBuildPhase section */
		2FDF61C31DF2C4A400DB5042 /* Sources */ = {
			isa = PBXSourcesBuildPhase;
			buildActionMask = 2147483647;
			files = (
				2FDF61CB1DF2C4A400DB5042 /* AppDelegate.swift in Sources */,
				2FDF61DA1DF2C6A700DB5042 /* MainViewController.swift in Sources */,
			);
			runOnlyForDeploymentPostprocessing = 0;
		};
/* End PBXSourcesBuildPhase section */

/* Begin PBXVariantGroup section */
		2FDF61CE1DF2C4A400DB5042 /* MainMenu.xib */ = {
			isa = PBXVariantGroup;
			children = (
				2FDF61CF1DF2C4A400DB5042 /* Base */,
			);
			name = MainMenu.xib;
			sourceTree = "<group>";
		};
/* End PBXVariantGroup section */

/* Begin XCBuildConfiguration section */
		2FDF61D21DF2C4A400DB5042 /* Debug */ = {
			isa = XCBuildConfiguration;
			buildSettings = {
				ALWAYS_SEARCH_USER_PATHS = NO;
				CLANG_ANALYZER_NONNULL = YES;
				CLANG_CXX_LANGUAGE_STANDARD = "gnu++0x";
				CLANG_CXX_LIBRARY = "libc++";
				CLANG_ENABLE_MODULES = YES;
				CLANG_ENABLE_OBJC_ARC = YES;
				CLANG_WARN_BOOL_CONVERSION = YES;
				CLANG_WARN_CONSTANT_CONVERSION = YES;
				CLANG_WARN_DIRECT_OBJC_ISA_USAGE = YES_ERROR;
				CLANG_WARN_DOCUMENTATION_COMMENTS = YES;
				CLANG_WARN_EMPTY_BODY = YES;
				CLANG_WARN_ENUM_CONVERSION = YES;
				CLANG_WARN_INFINITE_RECURSION = YES;
				CLANG_WARN_INT_CONVERSION = YES;
				CLANG_WARN_OBJC_ROOT_CLASS = YES_ERROR;
				CLANG_WARN_SUSPICIOUS_MOVES = YES;
				CLANG_WARN_UNREACHABLE_CODE = YES;
				CLANG_WARN__DUPLICATE_METHOD_MATCH = YES;
				CODE_SIGN_IDENTITY = "-";
				COPY_PHASE_STRIP = NO;
				DEBUG_INFORMATION_FORMAT = dwarf;
				ENABLE_STRICT_OBJC_MSGSEND = YES;
				ENABLE_TESTABILITY = YES;
				GCC_C_LANGUAGE_STANDARD = gnu99;
				GCC_DYNAMIC_NO_PIC = NO;
				GCC_NO_COMMON_BLOCKS = YES;
				GCC_OPTIMIZATION_LEVEL = 0;
				GCC_PREPROCESSOR_DEFINITIONS = (
					"DEBUG=1",
					"$(inherited)",
				);
				GCC_WARN_64_TO_32_BIT_CONVERSION = YES;
				GCC_WARN_ABOUT_RETURN_TYPE = YES_ERROR;
				GCC_WARN_UNDECLARED_SELECTOR = YES;
				GCC_WARN_UNINITIALIZED_AUTOS = YES_AGGRESSIVE;
				GCC_WARN_UNUSED_FUNCTION = YES;
				GCC_WARN_UNUSED_VARIABLE = YES;
				MACOSX_DEPLOYMENT_TARGET = 10.12;
				MTL_ENABLE_DEBUG_INFO = YES;
				ONLY_ACTIVE_ARCH = YES;
				SDKROOT = macosx;
				SWIFT_ACTIVE_COMPILATION_CONDITIONS = DEBUG;
				SWIFT_OPTIMIZATION_LEVEL = "-Onone";
			};
			name = Debug;
		};
		2FDF61D31DF2C4A400DB5042 /* Release */ = {
			isa = XCBuildConfiguration;
			buildSettings = {
				ALWAYS_SEARCH_USER_PATHS = NO;
				CLANG_ANALYZER_NONNULL = YES;
				CLANG_CXX_LANGUAGE_STANDARD = "gnu++0x";
				CLANG_CXX_LIBRARY = "libc++";
				CLANG_ENABLE_MODULES = YES;
				CLANG_ENABLE_OBJC_ARC = YES;
				CLANG_WARN_BOOL_CONVERSION = YES;
				CLANG_WARN_CONSTANT_CONVERSION = YES;
				CLANG_WARN_DIRECT_OBJC_ISA_USAGE = YES_ERROR;
				CLANG_WARN_DOCUMENTATION_COMMENTS = YES;
				CLANG_WARN_EMPTY_BODY = YES;
				CLANG_WARN_ENUM_CONVERSION = YES;
				CLANG_WARN_INFINITE_RECURSION = YES;
				CLANG_WARN_INT_CONVERSION = YES;
				CLANG_WARN_OBJC_ROOT_CLASS = YES_ERROR;
				CLANG_WARN_SUSPICIOUS_MOVES = YES;
				CLANG_WARN_UNREACHABLE_CODE = YES;
				CLANG_WARN__DUPLICATE_METHOD_MATCH = YES;
				CODE_SIGN_IDENTITY = "-";
				COPY_PHASE_STRIP = NO;
				DEBUG_INFORMATION_FORMAT = "dwarf-with-dsym";
				ENABLE_NS_ASSERTIONS = NO;
				ENABLE_STRICT_OBJC_MSGSEND = YES;
				GCC_C_LANGUAGE_STANDARD = gnu99;
				GCC_NO_COMMON_BLOCKS = YES;
				GCC_WARN_64_TO_32_BIT_CONVERSION = YES;
				GCC_WARN_ABOUT_RETURN_TYPE = YES_ERROR;
				GCC_WARN_UNDECLARED_SELECTOR = YES;
				GCC_WARN_UNINITIALIZED_AUTOS = YES_AGGRESSIVE;
				GCC_WARN_UNUSED_FUNCTION = YES;
				GCC_WARN_UNUSED_VARIABLE = YES;
				MACOSX_DEPLOYMENT_TARGET = 10.12;
				MTL_ENABLE_DEBUG_INFO = NO;
				SDKROOT = macosx;
				SWIFT_OPTIMIZATION_LEVEL = "-Owholemodule";
			};
			name = Release;
		};
		2FDF61D51DF2C4A400DB5042 /* Debug */ = {
			isa = XCBuildConfiguration;
			buildSettings = {
				ASSETCATALOG_COMPILER_APPICON_NAME = AppIcon;
				COMBINE_HIDPI_IMAGES = YES;
				INFOPLIST_FILE = BusyApp/Info.plist;
				LD_RUNPATH_SEARCH_PATHS = "$(inherited) @executable_path/../Frameworks";
				PRODUCT_BUNDLE_IDENTIFIER = com.Yanice.BusyApp;
				PRODUCT_NAME = "$(TARGET_NAME)";
				SWIFT_VERSION = 3.0;
			};
			name = Debug;
		};
		2FDF61D61DF2C4A400DB5042 /* Release */ = {
			isa = XCBuildConfiguration;
			buildSettings = {
				ASSETCATALOG_COMPILER_APPICON_NAME = AppIcon;
				COMBINE_HIDPI_IMAGES = YES;
				INFOPLIST_FILE = BusyApp/Info.plist;
				LD_RUNPATH_SEARCH_PATHS = "$(inherited) @executable_path/../Frameworks";
				PRODUCT_BUNDLE_IDENTIFIER = com.Yanice.BusyApp;
				PRODUCT_NAME = "$(TARGET_NAME)";
				SWIFT_VERSION = 3.0;
			};
			name = Release;
		};
/* End XCBuildConfiguration section */

/* Begin XCConfigurationList section */
		2FDF61C21DF2C4A400DB5042 /* Build configuration list for PBXProject "BusyApp" */ = {
			isa = XCConfigurationList;
			buildConfigurations = (
				2FDF61D21DF2C4A400DB5042 /* Debug */,
				2FDF61D31DF2C4A400DB5042 /* Release */,
			);
			defaultConfigurationIsVisible = 0;
			defaultConfigurationName = Release;
		};
		2FDF61D41DF2C4A400DB5042 /* Build configuration list for PBXNativeTarget "BusyApp" */ = {
			isa = XCConfigurationList;
			buildConfigurations = (
				2FDF61D51DF2C4A400DB5042 /* Debug */,
				2FDF61D61DF2C4A400DB5042 /* Release */,
			);
			defaultConfigurationIsVisible = 0;
		};
/* End XCConfigurationList section */
	};
	rootObject = 2FDF61BF1DF2C4A400DB5042 /* Project object */;
}
